{
  "name": "ev-site",
  "lockfileVersion": 3,
  "requires": true,
  "packages": {
    "": {
      "name": "ev-site",
      "version": "1.7.5",
      "dependencies": {
        "@emotion/react": "^11.14.0",
        "@emotion/styled": "^11.14.0",
        "@mui/icons-material": "^7.1.0",
        "@mui/material": "^7.1.0",
        "react": "^18.2.0",
        "react-dom": "^18.2.0",
        "react-router-dom": "^6.14.2"
      },
      "devDependencies": {
        "@eslint/js": "^9.25.0",
        "@types/react": "^19.1.2",
        "@types/react-dom": "^19.1.2",
        "@vitejs/plugin-react": "^4.4.1",
        "eslint": "^9.25.0",
        "eslint-plugin-react-hooks": "^5.2.0",
        "eslint-plugin-react-refresh": "^0.4.19",
        "globals": "^16.0.0",
        "vite": "^4.4.9"
      }
    }
  },
  "dependencies": {
    "react": {
      "version": "18.2.0",
      "resolved": "https://registry.npmjs.org/react/-/react-18.2.0.tgz",
      "integrity": "sha512-6R5n6E7HcGeq7G7kZ1axnW5hx5HTGpVwAjqJ+V3RH2bt5qbsQAw3p4s1/wPSlWcnSOHCekykL+H7Yh3nLDI9Zw==",
      "dev": false,
      "dependencies": {
        "loose-envify": "^1.1.0"
      }
    },
    "react-dom": {
      "version": "18.2.0",
      "resolved": "https://registry.npmjs.org/react-dom/-/react-dom-18.2.0.tgz",
      "integrity": "sha512-1mCNV/e1EeFXeY/Uj3kMCpU6qXUI9hCSZhnQOltcy/gRF8f1MeCIBRka30J5hjvP8+zNGk9MC7rzRAPx4EZdxw==",
      "dev": false,
      "dependencies": {
        "loose-envify": "^1.1.0"
      }
    },
    "vite": {
      "version": "4.4.9",
      "resolved": "https://registry.npmjs.org/vite/-/vite-4.4.9.tgz",
      "integrity": "sha512-JuBRgN9KZr+sw6CMFmeKgiPYKlB9Znk1BpnixDL1cOJ7AwQ6TR0A4xElLqZoKyFb+73LtTqGYprq/fJ14oYXuQ==",
      "dev": true
    }
    // ... сюда добавь остальные пакеты с актуальными версиями и хешами ...
  }
}
